
Microsoft Visual Studio Solution File, Format Version 12.00
# Visual Studio Version 16
VisualStudioVersion = 16.0.31313.79
MinimumVisualStudioVersion = 10.0.40219.1
Project("{FAE04EC0-301F-11D3-BF4B-00C04F79EFBC}") = "InterfazDATMA", "InterfazDATMA.csproj", "{BB2C4972-771E-4D25-8118-0F4EA1F262FE}"
EndProject
Global
	GlobalSection(SolutionConfigurationPlatforms) = preSolution
		Debug|Any CPU = Debug|Any CPU
		Release|Any CPU = Release|Any CPU
	EndGlobalSection
	GlobalSection(ProjectConfigurationPlatforms) = postSolution
		{BB2C4972-771E-4D25-8118-0F4EA1F262FE}.Debug|Any CPU.ActiveCfg = Debug|Any CPU
		{BB2C4972-771E-4D25-8118-0F4EA1F262FE}.Debug|Any CPU.Build.0 = Debug|Any CPU
		{BB2C4972-771E-4D25-8118-0F4EA1F262FE}.Release|Any CPU.ActiveCfg = Release|Any CPU
		{BB2C4972-771E-4D25-8118-0F4EA1F262FE}.Release|Any CPU.Build.0 = Release|Any CPU
	EndGlobalSection
	GlobalSection(SolutionProperties) = preSolution
		HideSolutionNode = FALSE
	EndGlobalSection
	GlobalSection(ExtensibilityGlobals) = postSolution
		SolutionGuid = {DE9BCF3F-15CB-4940-8C22-0A234ABDCCBE}
	EndGlobalSection
EndGlobal
